
Microsoft Visual Studio Solution File, Format Version 12.00
# Visual Studio Version 17
VisualStudioVersion = 17.10.34916.146
MinimumVisualStudioVersion = 10.0.40219.1
Project("{9A19103F-16F7-4668-BE54-9A1E7A4F7556}") = "TrilhaApiDesafio", "TrilhaApiDesafio.csproj", "{9786DDDF-2AC9-43A2-86FB-74F0B4C925B9}"
EndProject
Global
	GlobalSection(SolutionConfigurationPlatforms) = preSolution
		Debug|Any CPU = Debug|Any CPU
		Release|Any CPU = Release|Any CPU
	EndGlobalSection
	GlobalSection(ProjectConfigurationPlatforms) = postSolution
		{9786DDDF-2AC9-43A2-86FB-74F0B4C925B9}.Debug|Any CPU.ActiveCfg = Debug|Any CPU
		{9786DDDF-2AC9-43A2-86FB-74F0B4C925B9}.Debug|Any CPU.Build.0 = Debug|Any CPU
		{9786DDDF-2AC9-43A2-86FB-74F0B4C925B9}.Release|Any CPU.ActiveCfg = Release|Any CPU
		{9786DDDF-2AC9-43A2-86FB-74F0B4C925B9}.Release|Any CPU.Build.0 = Release|Any CPU
	EndGlobalSection
	GlobalSection(SolutionProperties) = preSolution
		HideSolutionNode = FALSE
	EndGlobalSection
	GlobalSection(ExtensibilityGlobals) = postSolution
		SolutionGuid = {44D36CB3-3635-4F8B-82F5-0BF6FA1A19C0}
	EndGlobalSection
EndGlobal
